
Microsoft Visual Studio Solution File, Format Version 12.00
# Visual Studio Version 17
VisualStudioVersion = 17.0.31903.59
MinimumVisualStudioVersion = 10.0.40219.1
Project("{FAE04EC0-301F-11D3-BF4B-00C04F79EFBC}") = "API", "API\API.csproj", "{209A9AC2-25A5-466B-A5DE-B94C4A22EF49}"
EndProject
Project("{FAE04EC0-301F-11D3-BF4B-00C04F79EFBC}") = "Infrastructure", "Infrastructure\Infrastructure.csproj", "{B7CCA047-9D99-44C4-9C15-D086072EEEFF}"
EndProject
Project("{FAE04EC0-301F-11D3-BF4B-00C04F79EFBC}") = "Core", "Core\Core.csproj", "{C19AC754-06A6-4463-B1D8-286722061B43}"
EndProject
Global
	GlobalSection(SolutionConfigurationPlatforms) = preSolution
		Debug|Any CPU = Debug|Any CPU
		Release|Any CPU = Release|Any CPU
	EndGlobalSection
	GlobalSection(SolutionProperties) = preSolution
		HideSolutionNode = FALSE
	EndGlobalSection
	GlobalSection(ProjectConfigurationPlatforms) = postSolution
		{209A9AC2-25A5-466B-A5DE-B94C4A22EF49}.Debug|Any CPU.ActiveCfg = Debug|Any CPU
		{209A9AC2-25A5-466B-A5DE-B94C4A22EF49}.Debug|Any CPU.Build.0 = Debug|Any CPU
		{209A9AC2-25A5-466B-A5DE-B94C4A22EF49}.Release|Any CPU.ActiveCfg = Release|Any CPU
		{209A9AC2-25A5-466B-A5DE-B94C4A22EF49}.Release|Any CPU.Build.0 = Release|Any CPU
		{B7CCA047-9D99-44C4-9C15-D086072EEEFF}.Debug|Any CPU.ActiveCfg = Debug|Any CPU
		{B7CCA047-9D99-44C4-9C15-D086072EEEFF}.Debug|Any CPU.Build.0 = Debug|Any CPU
		{B7CCA047-9D99-44C4-9C15-D086072EEEFF}.Release|Any CPU.ActiveCfg = Release|Any CPU
		{B7CCA047-9D99-44C4-9C15-D086072EEEFF}.Release|Any CPU.Build.0 = Release|Any CPU
		{C19AC754-06A6-4463-B1D8-286722061B43}.Debug|Any CPU.ActiveCfg = Debug|Any CPU
		{C19AC754-06A6-4463-B1D8-286722061B43}.Debug|Any CPU.Build.0 = Debug|Any CPU
		{C19AC754-06A6-4463-B1D8-286722061B43}.Release|Any CPU.ActiveCfg = Release|Any CPU
		{C19AC754-06A6-4463-B1D8-286722061B43}.Release|Any CPU.Build.0 = Release|Any CPU
	EndGlobalSection
EndGlobal
